{
  "name": "thyroid-tnm-tool",
  "version": "2.1.0",
  "lockfileVersion": 3,
  "requires": true,
  "packages": {
    "": {
      "name": "thyroid-tnm-tool",
      "version": "2.1.0",
      "license": "UNLICENSED",
      "description": "Bilingual thyroid cancer AJCC8 staging and follow-up reference web app | 甲状腺癌 AJCC8 分期与随访用药参考双语网页工具"
    }
  }
}
